
Microsoft Visual Studio Solution File, Format Version 12.00
# Visual Studio Version 17
VisualStudioVersion = 17.3.32825.248
MinimumVisualStudioVersion = 10.0.40219.1
Project("{FAE04EC0-301F-11D3-BF4B-00C04F79EFBC}") = "MongoTest", "MongoTest\MongoTest.csproj", "{0D88BBA3-16C5-4B80-BBAA-8D83E30880EB}"
EndProject
Global
	GlobalSection(SolutionConfigurationPlatforms) = preSolution
		Debug|Any CPU = Debug|Any CPU
		Release|Any CPU = Release|Any CPU
	EndGlobalSection
	GlobalSection(ProjectConfigurationPlatforms) = postSolution
		{0D88BBA3-16C5-4B80-BBAA-8D83E30880EB}.Debug|Any CPU.ActiveCfg = Debug|Any CPU
		{0D88BBA3-16C5-4B80-BBAA-8D83E30880EB}.Debug|Any CPU.Build.0 = Debug|Any CPU
		{0D88BBA3-16C5-4B80-BBAA-8D83E30880EB}.Release|Any CPU.ActiveCfg = Release|Any CPU
		{0D88BBA3-16C5-4B80-BBAA-8D83E30880EB}.Release|Any CPU.Build.0 = Release|Any CPU
	EndGlobalSection
	GlobalSection(SolutionProperties) = preSolution
		HideSolutionNode = FALSE
	EndGlobalSection
	GlobalSection(ExtensibilityGlobals) = postSolution
		SolutionGuid = {D3B41EA2-14A5-4843-A105-49177B9D5D60}
	EndGlobalSection
EndGlobal
